
Microsoft Visual Studio Solution File, Format Version 12.00
# Visual Studio Version 17
VisualStudioVersion = 17.13.35828.75 d17.13
MinimumVisualStudioVersion = 10.0.40219.1
Project("{FAE04EC0-301F-11D3-BF4B-00C04F79EFBC}") = "ShapeAreaDiameterDemo", "ShapeAreaDiameterDemo\ShapeAreaDiameterDemo.csproj", "{A1EA63C0-2129-4A66-8E22-031963EDDA7F}"
EndProject
Global
	GlobalSection(SolutionConfigurationPlatforms) = preSolution
		Debug|Any CPU = Debug|Any CPU
		Release|Any CPU = Release|Any CPU
	EndGlobalSection
	GlobalSection(ProjectConfigurationPlatforms) = postSolution
		{A1EA63C0-2129-4A66-8E22-031963EDDA7F}.Debug|Any CPU.ActiveCfg = Debug|Any CPU
		{A1EA63C0-2129-4A66-8E22-031963EDDA7F}.Debug|Any CPU.Build.0 = Debug|Any CPU
		{A1EA63C0-2129-4A66-8E22-031963EDDA7F}.Release|Any CPU.ActiveCfg = Release|Any CPU
		{A1EA63C0-2129-4A66-8E22-031963EDDA7F}.Release|Any CPU.Build.0 = Release|Any CPU
	EndGlobalSection
	GlobalSection(SolutionProperties) = preSolution
		HideSolutionNode = FALSE
	EndGlobalSection
	GlobalSection(ExtensibilityGlobals) = postSolution
		SolutionGuid = {54B4410D-493F-4487-B427-60AE0FFA0433}
	EndGlobalSection
EndGlobal
